// !$*UTF8*$!
{
	archiveVersion = 1;
	classes = {
	};
	objectVersion = 46;
	objects = {

/* Begin PBXBuildFile section */
		5498523F1C328700008958DF /* main.m in Sources */ = {isa = PBXBuildFile; fileRef = 5498523E1C328700008958DF /* main.m */; };
		549852421C328700008958DF /* AppDelegate.m in Sources */ = {isa = PBXBuildFile; fileRef = 549852411C328700008958DF /* AppDelegate.m */; };
		549852451C328700008958DF /* ViewController.m in Sources */ = {isa = PBXBuildFile; fileRef = 549852441C328700008958DF /* ViewController.m */; };
		549852481C328700008958DF /* Main.storyboard in Resources */ = {isa = PBXBuildFile; fileRef = 549852461C328700008958DF /* Main.storyboard */; };
		5498524A1C328700008958DF /* Assets.xcassets in Resources */ = {isa = PBXBuildFile; fileRef = 549852491C328700008958DF /* Assets.xcassets */; };
		5498524D1C328700008958DF /* LaunchScreen.storyboard in Resources */ = {isa = PBXBuildFile; fileRef = 5498524B1C328700008958DF /* LaunchScreen.storyboard */; };
		549852581C328701008958DF /* GetPMTests.m in Sources */ = {isa = PBXBuildFile; fileRef = 549852571C328701008958DF /* GetPMTests.m */; };
		549852631C328701008958DF /* GetPMUITests.m in Sources */ = {isa = PBXBuildFile; fileRef = 549852621C328701008958DF /* GetPMUITests.m */; };
/* End PBXBuildFile section */

/* Begin PBXContainerItemProxy section */
		549852541C328701008958DF /* PBXContainerItemProxy */ = {
			isa = PBXContainerItemProxy;
			containerPortal = 549852321C328700008958DF /* Project object */;
			proxyType = 1;
			remoteGlobalIDString = 549852391C328700008958DF;
			remoteInfo = GetPM;
		};
		5498525F1C328701008958DF /* PBXContainerItemProxy */ = {
			isa = PBXContainerItemProxy;
			containerPortal = 549852321C328700008958DF /* Project object */;
			proxyType = 1;
			remoteGlobalIDString = 549852391C328700008958DF;
			remoteInfo = GetPM;
		};
/* End PBXContainerItemProxy section */

/* Begin PBXFileReference section */
		5498523A1C328700008958DF /* GetPM.app */ = {isa = PBXFileReference; explicitFileType = wrapper.application; includeInIndex = 0; path = GetPM.app; sourceTree = BUILT_PRODUCTS_DIR; };
		5498523E1C328700008958DF /* main.m */ = {isa = PBXFileReference; lastKnownFileType = sourcecode.c.objc; path = main.m; sourceTree = "<group>"; };
		549852401C328700008958DF /* AppDelegate.h */ = {isa = PBXFileReference; lastKnownFileType = sourcecode.c.h; path = AppDelegate.h; sourceTree = "<group>"; };
		549852411C328700008958DF /* AppDelegate.m */ = {isa = PBXFileReference; lastKnownFileType = sourcecode.c.objc; path = AppDelegate.m; sourceTree = "<group>"; };
		549852431C328700008958DF /* ViewController.h */ = {isa = PBXFileReference; lastKnownFileType = sourcecode.c.h; path = ViewController.h; sourceTree = "<group>"; };
		549852441C328700008958DF /* ViewController.m */ = {isa = PBXFileReference; lastKnownFileType = sourcecode.c.objc; path = ViewController.m; sourceTree = "<group>"; };
		549852471C328700008958DF /* Base */ = {isa = PBXFileReference; lastKnownFileType = file.storyboard; name = Base; path = Base.lproj/Main.storyboard; sourceTree = "<group>"; };
		549852491C328700008958DF /* Assets.xcassets */ = {isa = PBXFileReference; lastKnownFileType = folder.assetcatalog; path = Assets.xcassets; sourceTree = "<group>"; };
		5498524C1C328700008958DF /* Base */ = {isa = PBXFileReference; lastKnownFileType = file.storyboard; name = Base; path = Base.lproj/LaunchScreen.storyboard; sourceTree = "<group>"; };
		5498524E1C328700008958DF /* Info.plist */ = {isa = PBXFileReference; lastKnownFileType = text.plist.xml; path = Info.plist; sourceTree = "<group>"; };
		549852531C328701008958DF /* GetPMTests.xctest */ = {isa = PBXFileReference; explicitFileType = wrapper.cfbundle; includeInIndex = 0; path = GetPMTests.xctest; sourceTree = BUILT_PRODUCTS_DIR; };
		549852571C328701008958DF /* GetPMTests.m */ = {isa = PBXFileReference; lastKnownFileType = sourcecode.c.objc; path = GetPMTests.m; sourceTree = "<group>"; };
		549852591C328701008958DF /* Info.plist */ = {isa = PBXFileReference; lastKnownFileType = text.plist.xml; path = Info.plist; sourceTree = "<group>"; };
		5498525E1C328701008958DF /* GetPMUITests.xctest */ = {isa = PBXFileReference; explicitFileType = wrapper.cfbundle; includeInIndex = 0; path = GetPMUITests.xctest; sourceTree = BUILT_PRODUCTS_DIR; };
		549852621C328701008958DF /* GetPMUITests.m */ = {isa = PBXFileReference; lastKnownFileType = sourcecode.c.objc; path = GetPMUITests.m; sourceTree = "<group>"; };
		549852641C328701008958DF /* Info.plist */ = {isa = PBXFileReference; lastKnownFileType = text.plist.xml; path = Info.plist; sourceTree = "<group>"; };
/* End PBXFileReference section */

/* Begin PBXFrameworksBuildPhase section */
		549852371C328700008958DF /* Frameworks */ = {
			isa = PBXFrameworksBuildPhase;
			buildActionMask = 2147483647;
			files = (
			);
			runOnlyForDeploymentPostprocessing = 0;
		};
		549852501C328701008958DF /* Frameworks */ = {
			isa = PBXFrameworksBuildPhase;
			buildActionMask = 2147483647;
			files = (
			);
			runOnlyForDeploymentPostprocessing = 0;
		};
		5498525B1C328701008958DF /* Frameworks */ = {
			isa = PBXFrameworksBuildPhase;
			buildActionMask = 2147483647;
			files = (
			);
			runOnlyForDeploymentPostprocessing = 0;
		};
/* End PBXFrameworksBuildPhase section */

/* Begin PBXGroup section */
		549852311C328700008958DF = {
			isa = PBXGroup;
			children = (
				5498523C1C328700008958DF /* GetPM */,
				549852561C328701008958DF /* GetPMTests */,
				549852611C328701008958DF /* GetPMUITests */,
				5498523B1C328700008958DF /* Products */,
			);
			sourceTree = "<group>";
		};
		5498523B1C328700008958DF /* Products */ = {
			isa = PBXGroup;
			children = (
				5498523A1C328700008958DF /* GetPM.app */,
				549852531C328701008958DF /* GetPMTests.xctest */,
				5498525E1C328701008958DF /* GetPMUITests.xctest */,
			);
			name = Products;
			sourceTree = "<group>";
		};
		5498523C1C328700008958DF /* GetPM */ = {
			isa = PBXGroup;
			children = (
				549852401C328700008958DF /* AppDelegate.h */,
				549852411C328700008958DF /* AppDelegate.m */,
				549852431C328700008958DF /* ViewController.h */,
				549852441C328700008958DF /* ViewController.m */,
				549852461C328700008958DF /* Main.storyboard */,
				549852491C328700008958DF /* Assets.xcassets */,
				5498524B1C328700008958DF /* LaunchScreen.storyboard */,
				5498524E1C328700008958DF /* Info.plist */,
				5498523D1C328700008958DF /* Supporting Files */,
			);
			path = GetPM;
			sourceTree = "<group>";
		};
		5498523D1C328700008958DF /* Supporting Files */ = {
			isa = PBXGroup;
			children = (
				5498523E1C328700008958DF /* main.m */,
			);
			name = "Supporting Files";
			sourceTree = "<group>";
		};
		549852561C328701008958DF /* GetPMTests */ = {
			isa = PBXGroup;
			children = (
				549852571C328701008958DF /* GetPMTests.m */,
				549852591C328701008958DF /* Info.plist */,
			);
			path = GetPMTests;
			sourceTree = "<group>";
		};
		549852611C328701008958DF /* GetPMUITests */ = {
			isa = PBXGroup;
			children = (
				549852621C328701008958DF /* GetPMUITests.m */,
				549852641C328701008958DF /* Info.plist */,
			);
			path = GetPMUITests;
			sourceTree = "<group>";
		};
/* End PBXGroup section */

/* Begin PBXNativeTarget section */
		549852391C328700008958DF /* GetPM */ = {
			isa = PBXNativeTarget;
			buildConfigurationList = 549852671C328701008958DF /* Build configuration list for PBXNativeTarget "GetPM" */;
			buildPhases = (
				549852361C328700008958DF /* Sources */,
				549852371C328700008958DF /* Frameworks */,
				549852381C328700008958DF /* Resources */,
			);
			buildRules = (
			);
			dependencies = (
			);
			name = GetPM;
			productName = GetPM;
			productReference = 5498523A1C328700008958DF /* GetPM.app */;
			productType = "com.apple.product-type.application";
		};
		549852521C328701008958DF /* GetPMTests */ = {
			isa = PBXNativeTarget;
			buildConfigurationList = 5498526A1C328701008958DF /* Build configuration list for PBXNativeTarget "GetPMTests" */;
			buildPhases = (
				5498524F1C328701008958DF /* Sources */,
				549852501C328701008958DF /* Frameworks */,
				549852511C328701008958DF /* Resources */,
			);
			buildRules = (
			);
			dependencies = (
				549852551C328701008958DF /* PBXTargetDependency */,
			);
			name = GetPMTests;
			productName = GetPMTests;
			productReference = 549852531C328701008958DF /* GetPMTests.xctest */;
			productType = "com.apple.product-type.bundle.unit-test";
		};
		5498525D1C328701008958DF /* GetPMUITests */ = {
			isa = PBXNativeTarget;
			buildConfigurationList = 5498526D1C328701008958DF /* Build configuration list for PBXNativeTarget "GetPMUITests" */;
			buildPhases = (
				5498525A1C328701008958DF /* Sources */,
				5498525B1C328701008958DF /* Frameworks */,
				5498525C1C328701008958DF /* Resources */,
			);
			buildRules = (
			);
			dependencies = (
				549852601C328701008958DF /* PBXTargetDependency */,
			);
			name = GetPMUITests;
			productName = GetPMUITests;
			productReference = 5498525E1C328701008958DF /* GetPMUITests.xctest */;
			productType = "com.apple.product-type.bundle.ui-testing";
		};
/* End PBXNativeTarget section */

/* Begin PBXProject section */
		549852321C328700008958DF /* Project object */ = {
			isa = PBXProject;
			attributes = {
				LastUpgradeCheck = 0720;
				ORGANIZATIONNAME = Jay;
				TargetAttributes = {
					549852391C328700008958DF = {
						CreatedOnToolsVersion = 7.2;
					};
					549852521C328701008958DF = {
						CreatedOnToolsVersion = 7.2;
						TestTargetID = 549852391C328700008958DF;
					};
					5498525D1C328701008958DF = {
						CreatedOnToolsVersion = 7.2;
						TestTargetID = 549852391C328700008958DF;
					};
				};
			};
			buildConfigurationList = 549852351C328700008958DF /* Build configuration list for PBXProject "GetPM" */;
			compatibilityVersion = "Xcode 3.2";
			developmentRegion = English;
			hasScannedForEncodings = 0;
			knownRegions = (
				en,
				Base,
			);
			mainGroup = 549852311C328700008958DF;
			productRefGroup = 5498523B1C328700008958DF /* Products */;
			projectDirPath = "";
			projectRoot = "";
			targets = (
				549852391C328700008958DF /* GetPM */,
				549852521C328701008958DF /* GetPMTests */,
				5498525D1C328701008958DF /* GetPMUITests */,
			);
		};
/* End PBXProject section */

/* Begin PBXResourcesBuildPhase section */
		549852381C328700008958DF /* Resources */ = {
			isa = PBXResourcesBuildPhase;
			buildActionMask = 2147483647;
			files = (
				5498524D1C328700008958DF /* LaunchScreen.storyboard in Resources */,
				5498524A1C328700008958DF /* Assets.xcassets in Resources */,
				549852481C328700008958DF /* Main.storyboard in Resources */,
			);
			runOnlyForDeploymentPostprocessing = 0;
		};
		549852511C328701008958DF /* Resources */ = {
			isa = PBXResourcesBuildPhase;
			buildActionMask = 2147483647;
			files = (
			);
			runOnlyForDeploymentPostprocessing = 0;
		};
		5498525C1C328701008958DF /* Resources */ = {
			isa = PBXResourcesBuildPhase;
			buildActionMask = 2147483647;
			files = (
			);
			runOnlyForDeploymentPostprocessing = 0;
		};
/* End PBXResourcesBuildPhase section */

/* Begin PBXSourcesBuildPhase section */
		549852361C328700008958DF /* Sources */ = {
			isa = PBXSourcesBuildPhase;
			buildActionMask = 2147483647;
			files = (
				549852451C328700008958DF /* ViewController.m in Sources */,
				549852421C328700008958DF /* AppDelegate.m in Sources */,
				5498523F1C328700008958DF /* main.m in Sources */,
			);
			runOnlyForDeploymentPostprocessing = 0;
		};
		5498524F1C328701008958DF /* Sources */ = {
			isa = PBXSourcesBuildPhase;
			buildActionMask = 2147483647;
			files = (
				549852581C328701008958DF /* GetPMTests.m in Sources */,
			);
			runOnlyForDeploymentPostprocessing = 0;
		};
		5498525A1C328701008958DF /* Sources */ = {
			isa = PBXSourcesBuildPhase;
			buildActionMask = 2147483647;
			files = (
				549852631C328701008958DF /* GetPMUITests.m in Sources */,
			);
			runOnlyForDeploymentPostprocessing = 0;
		};
/* End PBXSourcesBuildPhase section */

/* Begin PBXTargetDependency section */
		549852551C328701008958DF /* PBXTargetDependency */ = {
			isa = PBXTargetDependency;
			target = 549852391C328700008958DF /* GetPM */;
			targetProxy = 549852541C328701008958DF /* PBXContainerItemProxy */;
		};
		549852601C328701008958DF /* PBXTargetDependency */ = {
			isa = PBXTargetDependency;
			target = 549852391C328700008958DF /* GetPM */;
			targetProxy = 5498525F1C328701008958DF /* PBXContainerItemProxy */;
		};
/* End PBXTargetDependency section */

/* Begin PBXVariantGroup section */
		549852461C328700008958DF /* Main.storyboard */ = {
			isa = PBXVariantGroup;
			children = (
				549852471C328700008958DF /* Base */,
			);
			name = Main.storyboard;
			sourceTree = "<group>";
		};
		5498524B1C328700008958DF /* LaunchScreen.storyboard */ = {
			isa = PBXVariantGroup;
			children = (
				5498524C1C328700008958DF /* Base */,
			);
			name = LaunchScreen.storyboard;
			sourceTree = "<group>";
		};
/* End PBXVariantGroup section */

/* Begin XCBuildConfiguration section */
		549852651C328701008958DF /* Debug */ = {
			isa = XCBuildConfiguration;
			buildSettings = {
				ALWAYS_SEARCH_USER_PATHS = NO;
				CLANG_CXX_LANGUAGE_STANDARD = "gnu++0x";
				CLANG_CXX_LIBRARY = "libc++";
				CLANG_ENABLE_MODULES = YES;
				CLANG_ENABLE_OBJC_ARC = YES;
				CLANG_WARN_BOOL_CONVERSION = YES;
				CLANG_WARN_CONSTANT_CONVERSION = YES;
				CLANG_WARN_DIRECT_OBJC_ISA_USAGE = YES_ERROR;
				CLANG_WARN_EMPTY_BODY = YES;
				CLANG_WARN_ENUM_CONVERSION = YES;
				CLANG_WARN_INT_CONVERSION = YES;
				CLANG_WARN_OBJC_ROOT_CLASS = YES_ERROR;
				CLANG_WARN_UNREACHABLE_CODE = YES;
				CLANG_WARN__DUPLICATE_METHOD_MATCH = YES;
				"CODE_SIGN_IDENTITY[sdk=iphoneos*]" = "iPhone Developer";
				COPY_PHASE_STRIP = NO;
				DEBUG_INFORMATION_FORMAT = dwarf;
				ENABLE_STRICT_OBJC_MSGSEND = YES;
				ENABLE_TESTABILITY = YES;
				GCC_C_LANGUAGE_STANDARD = gnu99;
				GCC_DYNAMIC_NO_PIC = NO;
				GCC_NO_COMMON_BLOCKS = YES;
				GCC_OPTIMIZATION_LEVEL = 0;
				GCC_PREPROCESSOR_DEFINITIONS = (
					"DEBUG=1",
					"$(inherited)",
				);
				GCC_WARN_64_TO_32_BIT_CONVERSION = YES;
				GCC_WARN_ABOUT_RETURN_TYPE = YES_ERROR;
				GCC_WARN_UNDECLARED_SELECTOR = YES;
				GCC_WARN_UNINITIALIZED_AUTOS = YES_AGGRESSIVE;
				GCC_WARN_UNUSED_FUNCTION = YES;
				GCC_WARN_UNUSED_VARIABLE = YES;
				IPHONEOS_DEPLOYMENT_TARGET = 9.2;
				MTL_ENABLE_DEBUG_INFO = YES;
				ONLY_ACTIVE_ARCH = YES;
				SDKROOT = iphoneos;
				TARGETED_DEVICE_FAMILY = "1,2";
			};
			name = Debug;
		};
		549852661C328701008958DF /* Release */ = {
			isa = XCBuildConfiguration;
			buildSettings = {
				ALWAYS_SEARCH_USER_PATHS = NO;
				CLANG_CXX_LANGUAGE_STANDARD = "gnu++0x";
				CLANG_CXX_LIBRARY = "libc++";
				CLANG_ENABLE_MODULES = YES;
				CLANG_ENABLE_OBJC_ARC = YES;
				CLANG_WARN_BOOL_CONVERSION = YES;
				CLANG_WARN_CONSTANT_CONVERSION = YES;
				CLANG_WARN_DIRECT_OBJC_ISA_USAGE = YES_ERROR;
				CLANG_WARN_EMPTY_BODY = YES;
				CLANG_WARN_ENUM_CONVERSION = YES;
				CLANG_WARN_INT_CONVERSION = YES;
				CLANG_WARN_OBJC_ROOT_CLASS = YES_ERROR;
				CLANG_WARN_UNREACHABLE_CODE = YES;
				CLANG_WARN__DUPLICATE_METHOD_MATCH = YES;
				"CODE_SIGN_IDENTITY[sdk=iphoneos*]" = "iPhone Developer";
				COPY_PHASE_STRIP = NO;
				DEBUG_INFORMATION_FORMAT = "dwarf-with-dsym";
				ENABLE_NS_ASSERTIONS = NO;
				ENABLE_STRICT_OBJC_MSGSEND = YES;
				GCC_C_LANGUAGE_STANDARD = gnu99;
				GCC_NO_COMMON_BLOCKS = YES;
				GCC_WARN_64_TO_32_BIT_CONVERSION = YES;
				GCC_WARN_ABOUT_RETURN_TYPE = YES_ERROR;
				GCC_WARN_UNDECLARED_SELECTOR = YES;
				GCC_WARN_UNINITIALIZED_AUTOS = YES_AGGRESSIVE;
				GCC_WARN_UNUSED_FUNCTION = YES;
				GCC_WARN_UNUSED_VARIABLE = YES;
				IPHONEOS_DEPLOYMENT_TARGET = 9.2;
				MTL_ENABLE_DEBUG_INFO = NO;
				SDKROOT = iphoneos;
				TARGETED_DEVICE_FAMILY = "1,2";
				VALIDATE_PRODUCT = YES;
			};
			name = Release;
		};
		549852681C328701008958DF /* Debug */ = {
			isa = XCBuildConfiguration;
			buildSettings = {
				ASSETCATALOG_COMPILER_APPICON_NAME = AppIcon;
				INFOPLIST_FILE = GetPM/Info.plist;
				LD_RUNPATH_SEARCH_PATHS = "$(inherited) @executable_path/Frameworks";
				PRODUCT_BUNDLE_IDENTIFIER = com.pm.GetPM;
				PRODUCT_NAME = "$(TARGET_NAME)";
			};
			name = Debug;
		};
		549852691C328701008958DF /* Release */ = {
			isa = XCBuildConfiguration;
			buildSettings = {
				ASSETCATALOG_COMPILER_APPICON_NAME = AppIcon;
				INFOPLIST_FILE = GetPM/Info.plist;
				LD_RUNPATH_SEARCH_PATHS = "$(inherited) @executable_path/Frameworks";
				PRODUCT_BUNDLE_IDENTIFIER = com.pm.GetPM;
				PRODUCT_NAME = "$(TARGET_NAME)";
			};
			name = Release;
		};
		5498526B1C328701008958DF /* Debug */ = {
			isa = XCBuildConfiguration;
			buildSettings = {
				BUNDLE_LOADER = "$(TEST_HOST)";
				INFOPLIST_FILE = GetPMTests/Info.plist;
				LD_RUNPATH_SEARCH_PATHS = "$(inherited) @executable_path/Frameworks @loader_path/Frameworks";
				PRODUCT_BUNDLE_IDENTIFIER = com.pm.GetPMTests;
				PRODUCT_NAME = "$(TARGET_NAME)";
				TEST_HOST = "$(BUILT_PRODUCTS_DIR)/GetPM.app/GetPM";
			};
			name = Debug;
		};
		5498526C1C328701008958DF /* Release */ = {
			isa = XCBuildConfiguration;
			buildSettings = {
				BUNDLE_LOADER = "$(TEST_HOST)";
				INFOPLIST_FILE = GetPMTests/Info.plist;
				LD_RUNPATH_SEARCH_PATHS = "$(inherited) @executable_path/Frameworks @loader_path/Frameworks";
				PRODUCT_BUNDLE_IDENTIFIER = com.pm.GetPMTests;
				PRODUCT_NAME = "$(TARGET_NAME)";
				TEST_HOST = "$(BUILT_PRODUCTS_DIR)/GetPM.app/GetPM";
			};
			name = Release;
		};
		5498526E1C328701008958DF /* Debug */ = {
			isa = XCBuildConfiguration;
			buildSettings = {
				INFOPLIST_FILE = GetPMUITests/Info.plist;
				LD_RUNPATH_SEARCH_PATHS = "$(inherited) @executable_path/Frameworks @loader_path/Frameworks";
				PRODUCT_BUNDLE_IDENTIFIER = com.pm.GetPMUITests;
				PRODUCT_NAME = "$(TARGET_NAME)";
				TEST_TARGET_NAME = GetPM;
				USES_XCTRUNNER = YES;
			};
			name = Debug;
		};
		5498526F1C328701008958DF /* Release */ = {
			isa = XCBuildConfiguration;
			buildSettings = {
				INFOPLIST_FILE = GetPMUITests/Info.plist;
				LD_RUNPATH_SEARCH_PATHS = "$(inherited) @executable_path/Frameworks @loader_path/Frameworks";
				PRODUCT_BUNDLE_IDENTIFIER = com.pm.GetPMUITests;
				PRODUCT_NAME = "$(TARGET_NAME)";
				TEST_TARGET_NAME = GetPM;
				USES_XCTRUNNER = YES;
			};
			name = Release;
		};
/* End XCBuildConfiguration section */

/* Begin XCConfigurationList section */
		549852351C328700008958DF /* Build configuration list for PBXProject "GetPM" */ = {
			isa = XCConfigurationList;
			buildConfigurations = (
				549852651C328701008958DF /* Debug */,
				549852661C328701008958DF /* Release */,
			);
			defaultConfigurationIsVisible = 0;
			defaultConfigurationName = Release;
		};
		549852671C328701008958DF /* Build configuration list for PBXNativeTarget "GetPM" */ = {
			isa = XCConfigurationList;
			buildConfigurations = (
				549852681C328701008958DF /* Debug */,
				549852691C328701008958DF /* Release */,
			);
			defaultConfigurationIsVisible = 0;
		};
		5498526A1C328701008958DF /* Build configuration list for PBXNativeTarget "GetPMTests" */ = {
			isa = XCConfigurationList;
			buildConfigurations = (
				5498526B1C328701008958DF /* Debug */,
				5498526C1C328701008958DF /* Release */,
			);
			defaultConfigurationIsVisible = 0;
		};
		5498526D1C328701008958DF /* Build configuration list for PBXNativeTarget "GetPMUITests" */ = {
			isa = XCConfigurationList;
			buildConfigurations = (
				5498526E1C328701008958DF /* Debug */,
				5498526F1C328701008958DF /* Release */,
			);
			defaultConfigurationIsVisible = 0;
		};
/* End XCConfigurationList section */
	};
	rootObject = 549852321C328700008958DF /* Project object */;
}
